
Microsoft Visual Studio Solution File, Format Version 12.00
# Visual Studio Version 17
VisualStudioVersion = 17.1.32210.238
MinimumVisualStudioVersion = 10.0.40219.1
Project("{FAE04EC0-301F-11D3-BF4B-00C04F79EFBC}") = "BackEnd", "BackEnd\BackEnd.csproj", "{0B4D2A39-0DE3-4DE4-9D65-F8B37FE3E469}"
EndProject
Global
	GlobalSection(SolutionConfigurationPlatforms) = preSolution
		Debug|Any CPU = Debug|Any CPU
		Release|Any CPU = Release|Any CPU
	EndGlobalSection
	GlobalSection(ProjectConfigurationPlatforms) = postSolution
		{0B4D2A39-0DE3-4DE4-9D65-F8B37FE3E469}.Debug|Any CPU.ActiveCfg = Debug|Any CPU
		{0B4D2A39-0DE3-4DE4-9D65-F8B37FE3E469}.Debug|Any CPU.Build.0 = Debug|Any CPU
		{0B4D2A39-0DE3-4DE4-9D65-F8B37FE3E469}.Release|Any CPU.ActiveCfg = Release|Any CPU
		{0B4D2A39-0DE3-4DE4-9D65-F8B37FE3E469}.Release|Any CPU.Build.0 = Release|Any CPU
	EndGlobalSection
	GlobalSection(SolutionProperties) = preSolution
		HideSolutionNode = FALSE
	EndGlobalSection
	GlobalSection(ExtensibilityGlobals) = postSolution
		SolutionGuid = {B38EB863-D71C-4BD0-B925-041DDAC1A983}
	EndGlobalSection
EndGlobal
